{"1.2.0",
[{<<"cf">>,{pkg,<<"cf">>,<<"0.3.1">>},2},
 {<<"cowboy">>,
  {git,"https://github.com/ninenines/cowboy",
       {ref,"04ca4c5d31a92d4d3de087bbd7d6021dc4a6d409"}},
  0},
 {<<"cowlib">>,
  {git,"https://github.com/ninenines/cowlib",
       {ref,"e9448e5628c8c1d9083223ff973af8de31a566d1"}},
  1},
 {<<"eargon2">>,
  {git,"https://github.com/ergenius/eargon2",
       {ref,"949dfc7c3e1bd06843b3eca823c92e9ed0c66199"}},
  0},
 {<<"erlware_commons">>,{pkg,<<"erlware_commons">>,<<"1.5.0">>},1},
 {<<"jiffy">>,
  {git,"https://github.com/davisp/jiffy",
       {ref,"effc3c9a68478b692523e61b308ad9257c1ddeca"}},
  0},
 {<<"mochiweb">>,
  {git,"https://github.com/mochi/mochiweb",
       {ref,"db5408965ef53f31d073db64fbd3332198743cfe"}},
  0},
 {<<"mochiweb_xpath">>,
  {git,"https://github.com/retnuh/mochiweb_xpath",
       {ref,"ccea7319e88281f6274b6fce617278c434bac56f"}},
  0},
 {<<"prometheus">>,
  {git,"https://github.com/deadtrickster/prometheus.erl",
       {ref,"3245220e5b51c8005c84c2683fda1108b736badd"}},
  0},
 {<<"qdate">>,
  {git,"http://github.com/choptastic/qdate",
       {ref,"b8a50750267af6480333a1e4ee27e9db91b2c422"}},
  0},
 {<<"qdate_localtime">>,{pkg,<<"qdate_localtime">>,<<"1.1.0">>},1},
 {<<"quantile_estimator">>,{pkg,<<"quantile_estimator">>,<<"0.2.1">>},1},
 {<<"ranch">>,
  {git,"https://github.com/ninenines/ranch",
       {ref,"a692f44567034dacf5efcaa24a24183788594eb7"}},
  1},
 {<<"recon">>,
  {git,"https://github.com/ferd/recon",
       {ref,"f7b6c08e6e9e2219db58bfb012c58c178822e01e"}},
  0},
 {<<"uuid">>,
  {git,"https://github.com/avtobiff/erlang-uuid",
       {ref,"cb02a2039a9b29dd2eef0446039c9c6e164df9ef"}},
  0}]}.
[
{pkg_hash,[
 {<<"cf">>, <<"5CB902239476E141EA70A740340233782D363A31EEA8AD37049561542E6CD641">>},
 {<<"erlware_commons">>, <<"918C56D8FB3BE52AF0DF138ED6E0755E764AD4467CD7D025761F7D0A17D3DEC1">>},
 {<<"qdate_localtime">>, <<"5F6C3ACF10ECC5A7E2EFA3DCD2C863102B962188DBD9E086EC01D29FE029DA29">>},
 {<<"quantile_estimator">>, <<"EF50A361F11B5F26B5F16D0696E46A9E4661756492C981F7B2229EF42FF1CD15">>}]},
{pkg_hash_ext,[
 {<<"cf">>, <<"315E8D447D3A4B02BCDBFA397AD03BBB988A6E0AA6F44D3ADD0F4E3C3BF97672">>},
 {<<"erlware_commons">>, <<"3E7C6FB2BA4C29B0DD5DFE9D031B66449E2088ECEC1A81465BD9FDE05ED7D0DB">>},
 {<<"qdate_localtime">>, <<"91928E066DA6BCC745FF18B7C368347457CAF9250AD00950E9DA18E129D49EC5">>},
 {<<"quantile_estimator">>, <<"282A8A323CA2A845C9E6F787D166348F776C1D4A41EDE63046D72D422E3DA946">>}]}
].
