[{<<"cowboy">>,
  {git,"https://github.com/ninenines/cowboy",
       {ref,"d846827b2a70317914621328bd617e4e5d4d13d8"}},
  0},
 {<<"cowlib">>,
  {git,"https://github.com/ninenines/cowlib",
       {ref,"75aaeb8415033b07303febbfeba66d6d3413ad06"}},
  1},
 {<<"eargon2">>,
  {git,"https://github.com/ergenius/eargon2",
       {ref,"949dfc7c3e1bd06843b3eca823c92e9ed0c66199"}},
  0},
 {<<"jiffy">>,
  {git,"https://github.com/davisp/jiffy",
       {ref,"6dadc0cd22b06e2b1972ee8aba5708c478418926"}},
  0},
 {<<"mochiweb">>,
  {git,"https://github.com/mochi/mochiweb",
       {ref,"9efbaac0a2aff24121be76fdedb56ef92af3d574"}},
  0},
 {<<"mochiweb_xpath">>,
  {git,"https://github.com/retnuh/mochiweb_xpath",
       {ref,"ccea7319e88281f6274b6fce617278c434bac56f"}},
  0},
 {<<"prometheus">>,
  {git,"https://github.com/deadtrickster/prometheus.erl/",
       {ref,"7e98c67ca95fa4f1fd1bdc81f75df2cabdbc36fa"}},
  0},
 {<<"ranch">>,
  {git,"https://github.com/ninenines/ranch",
       {ref,"3190aef88aea04d6dce8545fe9b4574288903f44"}},
  1},
 {<<"uuid">>,
  {git,"https://github.com/avtobiff/erlang-uuid",
       {ref,"cb02a2039a9b29dd2eef0446039c9c6e164df9ef"}},
  0}].
